dependencies:
- name: keda
  repository: https://kedify.github.io/charts
  version: v2.15.1-0
- name: keda-add-ons-http
  repository: https://kedify.github.io/charts
  version: v0.8.0-8
digest: sha256:3cb5a35cacd73dab83bf1507ff2dc771645e425e1262d7e60c703a2504a56b12
generated: "2024-10-17T12:45:30.692368+02:00"
